<?xml version="1.0" encoding="utf-8"?>
<Project ToolsVersion="17.0" xmlns="http://schemas.microsoft.com/developer/msbuild/2003">
  <ItemGroup>
    <CustomBuild Include="E:\Render Engine\build_vs4\CMakeFiles\95c05c0f7106400a4fa3d679be1731fe\generate.stamp.rule">
      <Filter>CMake Rules</Filter>
    </CustomBuild>
  </ItemGroup>
  <ItemGroup>
    <Filter Include="CMake Rules">
      <UniqueIdentifier>{33CDB6D9-1D25-3116-9B49-5A06159BF0FE}</UniqueIdentifier>
    </Filter>
  </ItemGroup>
</Project>
